
Microsoft Visual Studio Solution File, Format Version 12.00
# Visual Studio Version 17
VisualStudioVersion = 17.1.32319.34
MinimumVisualStudioVersion = 10.0.40219.1
Project("{FAE04EC0-301F-11D3-BF4B-00C04F79EFBC}") = "Sesion1", "Sesion1\Sesion1.csproj", "{308F887D-EC64-426C-A016-166D56203582}"
EndProject
Global
	GlobalSection(SolutionConfigurationPlatforms) = preSolution
		Debug|Any CPU = Debug|Any CPU
		Release|Any CPU = Release|Any CPU
	EndGlobalSection
	GlobalSection(ProjectConfigurationPlatforms) = postSolution
		{308F887D-EC64-426C-A016-166D56203582}.Debug|Any CPU.ActiveCfg = Debug|Any CPU
		{308F887D-EC64-426C-A016-166D56203582}.Debug|Any CPU.Build.0 = Debug|Any CPU
		{308F887D-EC64-426C-A016-166D56203582}.Release|Any CPU.ActiveCfg = Release|Any CPU
		{308F887D-EC64-426C-A016-166D56203582}.Release|Any CPU.Build.0 = Release|Any CPU
	EndGlobalSection
	GlobalSection(SolutionProperties) = preSolution
		HideSolutionNode = FALSE
	EndGlobalSection
	GlobalSection(ExtensibilityGlobals) = postSolution
		SolutionGuid = {1AB01A19-B6BE-4F85-89BF-6B85EC51BC84}
	EndGlobalSection
EndGlobal
