
Microsoft Visual Studio Solution File, Format Version 12.00
# Visual Studio Version 17
VisualStudioVersion = 17.2.32616.157
MinimumVisualStudioVersion = 10.0.40219.1
Project("{FAE04EC0-301F-11D3-BF4B-00C04F79EFBC}") = "Ejercicio1", "Ejercicio1\Ejercicio1.csproj", "{E5C4F007-A4FA-448C-8430-013B8BD66484}"
EndProject
Global
	GlobalSection(SolutionConfigurationPlatforms) = preSolution
		Debug|Any CPU = Debug|Any CPU
		Release|Any CPU = Release|Any CPU
	EndGlobalSection
	GlobalSection(ProjectConfigurationPlatforms) = postSolution
		{E5C4F007-A4FA-448C-8430-013B8BD66484}.Debug|Any CPU.ActiveCfg = Debug|Any CPU
		{E5C4F007-A4FA-448C-8430-013B8BD66484}.Debug|Any CPU.Build.0 = Debug|Any CPU
		{E5C4F007-A4FA-448C-8430-013B8BD66484}.Release|Any CPU.ActiveCfg = Release|Any CPU
		{E5C4F007-A4FA-448C-8430-013B8BD66484}.Release|Any CPU.Build.0 = Release|Any CPU
	EndGlobalSection
	GlobalSection(SolutionProperties) = preSolution
		HideSolutionNode = FALSE
	EndGlobalSection
	GlobalSection(ExtensibilityGlobals) = postSolution
		SolutionGuid = {F37CFE52-2CCC-49AA-B6E4-0E03F95A1EEE}
	EndGlobalSection
EndGlobal
